
Microsoft Visual Studio Solution File, Format Version 12.00
# Visual Studio Version 17
VisualStudioVersion = 17.0.31903.59
MinimumVisualStudioVersion = 10.0.40219.1
Project("{FAE04EC0-301F-11D3-BF4B-00C04F79EFBC}") = "Luna.PKG", "Luna.PKG\Luna.PKG.csproj", "{2DDDFFE8-1692-41AD-9393-762249DF2E6C}"
EndProject
Project("{FAE04EC0-301F-11D3-BF4B-00C04F79EFBC}") = "Luna.PKG.Tests", "Luna.PKG.Tests\Luna.PKG.Tests.csproj", "{46250F25-5880-486A-87C1-838E2D7A7AED}"
EndProject
Global
	GlobalSection(SolutionConfigurationPlatforms) = preSolution
		Debug|Any CPU = Debug|Any CPU
		Debug|x64 = Debug|x64
		Debug|x86 = Debug|x86
		Release|Any CPU = Release|Any CPU
		Release|x64 = Release|x64
		Release|x86 = Release|x86
	EndGlobalSection
	GlobalSection(ProjectConfigurationPlatforms) = postSolution
		{2DDDFFE8-1692-41AD-9393-762249DF2E6C}.Debug|Any CPU.ActiveCfg = Debug|Any CPU
		{2DDDFFE8-1692-41AD-9393-762249DF2E6C}.Debug|Any CPU.Build.0 = Debug|Any CPU
		{2DDDFFE8-1692-41AD-9393-762249DF2E6C}.Debug|x64.ActiveCfg = Debug|Any CPU
		{2DDDFFE8-1692-41AD-9393-762249DF2E6C}.Debug|x64.Build.0 = Debug|Any CPU
		{2DDDFFE8-1692-41AD-9393-762249DF2E6C}.Debug|x86.ActiveCfg = Debug|Any CPU
		{2DDDFFE8-1692-41AD-9393-762249DF2E6C}.Debug|x86.Build.0 = Debug|Any CPU
		{2DDDFFE8-1692-41AD-9393-762249DF2E6C}.Release|Any CPU.ActiveCfg = Release|Any CPU
		{2DDDFFE8-1692-41AD-9393-762249DF2E6C}.Release|Any CPU.Build.0 = Release|Any CPU
		{2DDDFFE8-1692-41AD-9393-762249DF2E6C}.Release|x64.ActiveCfg = Release|Any CPU
		{2DDDFFE8-1692-41AD-9393-762249DF2E6C}.Release|x64.Build.0 = Release|Any CPU
		{2DDDFFE8-1692-41AD-9393-762249DF2E6C}.Release|x86.ActiveCfg = Release|Any CPU
		{2DDDFFE8-1692-41AD-9393-762249DF2E6C}.Release|x86.Build.0 = Release|Any CPU
		{46250F25-5880-486A-87C1-838E2D7A7AED}.Debug|Any CPU.ActiveCfg = Debug|Any CPU
		{46250F25-5880-486A-87C1-838E2D7A7AED}.Debug|Any CPU.Build.0 = Debug|Any CPU
		{46250F25-5880-486A-87C1-838E2D7A7AED}.Debug|x64.ActiveCfg = Debug|Any CPU
		{46250F25-5880-486A-87C1-838E2D7A7AED}.Debug|x64.Build.0 = Debug|Any CPU
		{46250F25-5880-486A-87C1-838E2D7A7AED}.Debug|x86.ActiveCfg = Debug|Any CPU
		{46250F25-5880-486A-87C1-838E2D7A7AED}.Debug|x86.Build.0 = Debug|Any CPU
		{46250F25-5880-486A-87C1-838E2D7A7AED}.Release|Any CPU.ActiveCfg = Release|Any CPU
		{46250F25-5880-486A-87C1-838E2D7A7AED}.Release|Any CPU.Build.0 = Release|Any CPU
		{46250F25-5880-486A-87C1-838E2D7A7AED}.Release|x64.ActiveCfg = Release|Any CPU
		{46250F25-5880-486A-87C1-838E2D7A7AED}.Release|x64.Build.0 = Release|Any CPU
		{46250F25-5880-486A-87C1-838E2D7A7AED}.Release|x86.ActiveCfg = Release|Any CPU
		{46250F25-5880-486A-87C1-838E2D7A7AED}.Release|x86.Build.0 = Release|Any CPU
	EndGlobalSection
	GlobalSection(SolutionProperties) = preSolution
		HideSolutionNode = FALSE
	EndGlobalSection
EndGlobal
